[[package]]
name = "carla"
version = "0.9.13"
description = "Python API for communicating with the CARLA server."
category = "main"
optional = false
python-versions = "*"

[[package]]
name = "networkx"
version = "2.8.8"
description = "Python package for creating and manipulating graphs and networks"
category = "main"
optional = false
python-versions = ">=3.8"

[package.extras]
default = ["matplotlib (>=3.4)", "numpy (>=1.19)", "pandas (>=1.3)", "scipy (>=1.8)"]
developer = ["mypy (>=0.982)", "pre-commit (>=2.20)"]
doc = ["nb2plots (>=0.6)", "numpydoc (>=1.5)", "pillow (>=9.2)", "pydata-sphinx-theme (>=0.11)", "sphinx (>=5.2)", "sphinx-gallery (>=0.11)", "texext (>=0.6.6)"]
extra = ["lxml (>=4.6)", "pydot (>=1.4.2)", "pygraphviz (>=1.9)", "sympy (>=1.10)"]
test = ["codecov (>=2.1)", "pytest (>=7.2)", "pytest-cov (>=4.0)"]

[[package]]
name = "numpy"
version = "1.23.5"
description = "NumPy is the fundamental package for array computing with Python."
category = "main"
optional = false
python-versions = ">=3.8"

[[package]]
name = "pygame"
version = "2.1.2"
description = "Python Game Development"
category = "main"
optional = false
python-versions = ">=3.6"

[[package]]
name = "shapely"
version = "1.8.5.post1"
description = "Geometric objects, predicates, and operations"
category = "main"
optional = false
python-versions = ">=3.6"

[package.extras]
all = ["numpy", "pytest", "pytest-cov"]
test = ["pytest", "pytest-cov"]
vectorized = ["numpy"]

[metadata]
lock-version = "1.1"
python-versions = ">=3.8, <3.9"
content-hash = "4e71d46f32649fa5f4c04f63810be69028bf4c9e2140ad1e9e9ad6f0ba709a7a"

[metadata.files]
carla = [
    {file = "carla-0.9.13-cp27-cp27mu-manylinux_2_27_x86_64.whl", hash = "sha256:339fcb1e392f3ade1be82b7258de19c533e2efae111e954a6eb174efb296903d"},
    {file = "carla-0.9.13-cp36-cp36m-manylinux_2_27_x86_64.whl", hash = "sha256:5f065825ce812343bf27a80a19d647b3200b31b44a9e80cea0340e3bd20cdf81"},
    {file = "carla-0.9.13-cp36-cp36m-win_amd64.whl", hash = "sha256:1210cce213e968a644effd4e2e48458a072481459d073424b05725056ba3d77d"},
    {file = "carla-0.9.13-cp37-cp37m-manylinux_2_27_x86_64.whl", hash = "sha256:a95d2d4218ea388c863c66b7c2ab3fe49ffefe53999305cfcb6a8107042f79af"},
    {file = "carla-0.9.13-cp37-cp37m-win_amd64.whl", hash = "sha256:954ca34d5bdd4516ceca353db907fee8cec6630d6b31a732b17dd1554e0f0f94"},
    {file = "carla-0.9.13-cp38-cp38-manylinux_2_27_x86_64.whl", hash = "sha256:d2bfaea2d6824a2d758cbe813856c69420494f5c97d2a2dfb45653ccf976f1ce"},
    {file = "carla-0.9.13-cp38-cp38-win_amd64.whl", hash = "sha256:a64ee78fe91137fa7d4828c7fc06d5824bd7312e29e4ea4f31a5d74dd28bff40"},
]
networkx = [
    {file = "networkx-2.8.8-py3-none-any.whl", hash = "sha256:e435dfa75b1d7195c7b8378c3859f0445cd88c6b0375c181ed66823a9ceb7524"},
    {file = "networkx-2.8.8.tar.gz", hash = "sha256:230d388117af870fce5647a3c52401fcf753e94720e6ea6b4197a5355648885e"},
]
numpy = [
    {file = "numpy-1.23.5-cp310-cp310-macosx_10_9_x86_64.whl", hash = "sha256:9c88793f78fca17da0145455f0d7826bcb9f37da4764af27ac945488116efe63"},
    {file = "numpy-1.23.5-cp310-cp310-macosx_11_0_arm64.whl", hash = "sha256:e9f4c4e51567b616be64e05d517c79a8a22f3606499941d97bb76f2ca59f982d"},
    {file = "numpy-1.23.5-cp310-cp310-manylinux_2_17_aarch64.manylinux2014_aarch64.whl", hash = "sha256:7903ba8ab592b82014713c491f6c5d3a1cde5b4a3bf116404e08f5b52f6daf43"},
    {file = "numpy-1.23.5-cp310-cp310-manylinux_2_17_x86_64.manylinux2014_x86_64.whl", hash = "sha256:5e05b1c973a9f858c74367553e236f287e749465f773328c8ef31abe18f691e1"},
    {file = "numpy-1.23.5-cp310-cp310-win32.whl", hash = "sha256:522e26bbf6377e4d76403826ed689c295b0b238f46c28a7251ab94716da0b280"},
    {file = "numpy-1.23.5-cp310-cp310-win_amd64.whl", hash = "sha256:dbee87b469018961d1ad79b1a5d50c0ae850000b639bcb1b694e9981083243b6"},
    {file = "numpy-1.23.5-cp311-cp311-macosx_10_9_x86_64.whl", hash = "sha256:ce571367b6dfe60af04e04a1834ca2dc5f46004ac1cc756fb95319f64c095a96"},
    {file = "numpy-1.23.5-cp311-cp311-macosx_11_0_arm64.whl", hash = "sha256:56e454c7833e94ec9769fa0f86e6ff8e42ee38ce0ce1fa4cbb747ea7e06d56aa"},
    {file = "numpy-1.23.5-cp311-cp311-manylinux_2_17_aarch64.manylinux2014_aarch64.whl", hash = "sha256:5039f55555e1eab31124a5768898c9e22c25a65c1e0037f4d7c495a45778c9f2"},
    {file = "numpy-1.23.5-cp311-cp311-manylinux_2_17_x86_64.manylinux2014_x86_64.whl", hash = "sha256:58f545efd1108e647604a1b5aa809591ccd2540f468a880bedb97247e72db387"},
    {file = "numpy-1.23.5-cp311-cp311-win32.whl", hash = "sha256:b2a9ab7c279c91974f756c84c365a669a887efa287365a8e2c418f8b3ba73fb0"},
    {file = "numpy-1.23.5-cp311-cp311-win_amd64.whl", hash = "sha256:0cbe9848fad08baf71de1a39e12d1b6310f1d5b2d0ea4de051058e6e1076852d"},
    {file = "numpy-1.23.5-cp38-cp38-macosx_10_9_x86_64.whl", hash = "sha256:f063b69b090c9d918f9df0a12116029e274daf0181df392839661c4c7ec9018a"},
    {file = "numpy-1.23.5-cp38-cp38-macosx_11_0_arm64.whl", hash = "sha256:0aaee12d8883552fadfc41e96b4c82ee7d794949e2a7c3b3a7201e968c7ecab9"},
    {file = "numpy-1.23.5-cp38-cp38-manylinux_2_17_aarch64.manylinux2014_aarch64.whl", hash = "sha256:92c8c1e89a1f5028a4c6d9e3ccbe311b6ba53694811269b992c0b224269e2398"},
    {file = "numpy-1.23.5-cp38-cp38-manylinux_2_17_x86_64.manylinux2014_x86_64.whl", hash = "sha256:d208a0f8729f3fb790ed18a003f3a57895b989b40ea4dce4717e9cf4af62c6bb"},
    {file = "numpy-1.23.5-cp38-cp38-win32.whl", hash = "sha256:06005a2ef6014e9956c09ba07654f9837d9e26696a0470e42beedadb78c11b07"},
    {file = "numpy-1.23.5-cp38-cp38-win_amd64.whl", hash = "sha256:ca51fcfcc5f9354c45f400059e88bc09215fb71a48d3768fb80e357f3b457e1e"},
    {file = "numpy-1.23.5-cp39-cp39-macosx_10_9_x86_64.whl", hash = "sha256:8969bfd28e85c81f3f94eb4a66bc2cf1dbdc5c18efc320af34bffc54d6b1e38f"},
    {file = "numpy-1.23.5-cp39-cp39-macosx_11_0_arm64.whl", hash = "sha256:a7ac231a08bb37f852849bbb387a20a57574a97cfc7b6cabb488a4fc8be176de"},
    {file = "numpy-1.23.5-cp39-cp39-manylinux_2_17_aarch64.manylinux2014_aarch64.whl", hash = "sha256:bf837dc63ba5c06dc8797c398db1e223a466c7ece27a1f7b5232ba3466aafe3d"},
    {file = "numpy-1.23.5-cp39-cp39-manylinux_2_17_x86_64.manylinux2014_x86_64.whl", hash = "sha256:33161613d2269025873025b33e879825ec7b1d831317e68f4f2f0f84ed14c719"},
    {file = "numpy-1.23.5-cp39-cp39-win32.whl", hash = "sha256:af1da88f6bc3d2338ebbf0e22fe487821ea4d8e89053e25fa59d1d79786e7481"},
    {file = "numpy-1.23.5-cp39-cp39-win_amd64.whl", hash = "sha256:09b7847f7e83ca37c6e627682f145856de331049013853f344f37b0c9690e3df"},
    {file = "numpy-1.23.5-pp38-pypy38_pp73-macosx_10_9_x86_64.whl", hash = "sha256:abdde9f795cf292fb9651ed48185503a2ff29be87770c3b8e2a14b0cd7aa16f8"},
    {file = "numpy-1.23.5-pp38-pypy38_pp73-manylinux_2_17_x86_64.manylinux2014_x86_64.whl", hash = "sha256:f9a909a8bae284d46bbfdefbdd4a262ba19d3bc9921b1e76126b1d21c3c34135"},
    {file = "numpy-1.23.5-pp38-pypy38_pp73-win_amd64.whl", hash = "sha256:01dd17cbb340bf0fc23981e52e1d18a9d4050792e8fb8363cecbf066a84b827d"},
    {file = "numpy-1.23.5.tar.gz", hash = "sha256:1b1766d6f397c18153d40015ddfc79ddb715cabadc04d2d228d4e5a8bc4ded1a"},
]
pygame = [
    {file = "pygame-2.1.2-cp310-cp310-macosx_10_9_x86_64.whl", hash = "sha256:f149e182d0eeef15d8a9b4c9dad1b87dc6eba3a99bd3c44a777a3a2b053a3dca"},
    {file = "pygame-2.1.2-cp310-cp310-macosx_11_0_arm64.whl", hash = "sha256:dc4444d61d48c5546df5137cdf81554887ddb6e2ef1be7f51eb77ea3b6bdd56f"},
    {file = "pygame-2.1.2-cp310-cp310-manylinux_2_12_i686.manylinux2010_i686.whl", hash = "sha256:a0ccf8e3dce7ca67d523a6020b7e3dbf4b26797a9a8db5cc4c7b5ef20fb64701"},
    {file = "pygame-2.1.2-cp310-cp310-manylinux_2_12_x86_64.manylinux2010_x86_64.whl", hash = "sha256:7889dce887ec83c9a0bef8d9eb3669d8863fdaf37c45bacec707d8ad90b24a38"},
    {file = "pygame-2.1.2-cp310-cp310-manylinux_2_17_aarch64.manylinux2014_aarch64.whl", hash = "sha256:db2f40d5a75fd9cdda473c58b0d8b294da6e0179f00bb3b1fc2f7f29cac09bea"},
    {file = "pygame-2.1.2-cp310-cp310-manylinux_2_17_i686.manylinux2014_i686.whl", hash = "sha256:e4b4cd440d50a9f8551b8989e856aab175593af07eb825cad22fd2f8f6f2ffce"},
    {file = "pygame-2.1.2-cp310-cp310-manylinux_2_17_x86_64.manylinux2014_x86_64.whl", hash = "sha256:754c2906f2ef47173a14493e1de116b2a56a2c8e1764f1202ba844d080248a5b"},
    {file = "pygame-2.1.2-cp310-cp310-win32.whl", hash = "sha256:c99b95e62cdda29c2e60235d7763447c168a6a877403e6f9ca5b2e2bb297c2ce"},
    {file = "pygame-2.1.2-cp310-cp310-win_amd64.whl", hash = "sha256:9649419254d3282dae41f23837de4108b17bc62187c3acd8af2ae3801b765cbd"},
    {file = "pygame-2.1.2-cp36-cp36m-macosx_10_9_x86_64.whl", hash = "sha256:dcc285ee1f1d0e2672cc52f880fd3f564b1505de710e817f692fbf64a72ca657"},
    {file = "pygame-2.1.2-cp36-cp36m-manylinux_2_12_i686.manylinux2010_i686.whl", hash = "sha256:e1bb25986db77a48f632469c6bc61baf7508ce945aa6161c02180d4ee5ac5b8d"},
    {file = "pygame-2.1.2-cp36-cp36m-manylinux_2_12_x86_64.manylinux2010_x86_64.whl", hash = "sha256:e7a8e18677e0064b7a422f6653a622652d932826a27e50f279d55a8b122a1a83"},
    {file = "pygame-2.1.2-cp36-cp36m-manylinux_2_17_aarch64.manylinux2014_aarch64.whl", hash = "sha256:dd528dbb91eca16f7522c975d0f9e94b95f6b5024c82c3247dc0383d242d33c6"},
    {file = "pygame-2.1.2-cp36-cp36m-manylinux_2_17_i686.manylinux2014_i686.whl", hash = "sha256:fcc9586e17875c0cdf8764597955f9daa979098fd4f80be07ed68276ac225480"},
    {file = "pygame-2.1.2-cp36-cp36m-manylinux_2_17_x86_64.manylinux2014_x86_64.whl", hash = "sha256:c9ce7f3d8af14d7e04eb7eb41c5e5313c43508c252bb2b9eb53e51fc87ada9fd"},
    {file = "pygame-2.1.2-cp36-cp36m-manylinux_2_5_i686.manylinux1_i686.whl", hash = "sha256:e09044e9e1aa8512d6a9c7ce5f94b881824bcfc401105f3c24f546dfc3bb4aa5"},
    {file = "pygame-2.1.2-cp36-cp36m-manylinux_2_5_x86_64.manylinux1_x86_64.whl", hash = "sha256:40e4d8d65985bb467d9c5a1305fb53fd6820c61d764979600becab973339676f"},
    {file = "pygame-2.1.2-cp36-cp36m-win32.whl", hash = "sha256:50d9a21edd551669862c27c9272747401b20b1939abaacb842c08ea1cdd1c04d"},
    {file = "pygame-2.1.2-cp36-cp36m-win_amd64.whl", hash = "sha256:e18c9466131378421d00fc40b637425229238d506a073d9c537b230b355a25d6"},
    {file = "pygame-2.1.2-cp37-cp37m-macosx_10_9_x86_64.whl", hash = "sha256:07ca9f683075aea9bd977af9f09a720ebf747343d3ea8103e4f1735283b02330"},
    {file = "pygame-2.1.2-cp37-cp37m-manylinux_2_12_i686.manylinux2010_i686.whl", hash = "sha256:3c8d6637ff75351e581327efefa9d04eeb0f257b533392b6cc6b15ceca4f7c5e"},
    {file = "pygame-2.1.2-cp37-cp37m-manylinux_2_12_x86_64.manylinux2010_x86_64.whl", hash = "sha256:5ebbefb8b576572c8fc97a3321d37dc2b4afea6b6e3877a67f7158d8c2c4cefe"},
    {file = "pygame-2.1.2-cp37-cp37m-manylinux_2_17_aarch64.manylinux2014_aarch64.whl", hash = "sha256:9d6452419e01a0f848aed0597f69fd10a4c2a7750c15d1b0607f86090a39dcf3"},
    {file = "pygame-2.1.2-cp37-cp37m-manylinux_2_17_i686.manylinux2014_i686.whl", hash = "sha256:e627300a66a90651fb39e41601d447b1fdbbfffca3f08ef0278d6cc0436b2160"},
    {file = "pygame-2.1.2-cp37-cp37m-manylinux_2_17_x86_64.manylinux2014_x86_64.whl", hash = "sha256:a56a811d8821f7b9a594e3d0e0dd8bd39b25e3eea8963d5963263b90fd2ea5c2"},
    {file = "pygame-2.1.2-cp37-cp37m-manylinux_2_5_i686.manylinux1_i686.whl", hash = "sha256:24b4f7f30fa2b3d092b60be6fcc725fb91d569fc87a9bcc91614ee8b0c005726"},
    {file = "pygame-2.1.2-cp37-cp37m-manylinux_2_5_x86_64.manylinux1_x86_64.whl", hash = "sha256:8e87716114e97322fb177e223d889a4be369a0f73212f4f8507fe0cd43253b23"},
    {file = "pygame-2.1.2-cp37-cp37m-win32.whl", hash = "sha256:20676da24e3e3e6b9fc4eecc7ba09d77ef46c3a83a028763ba1d222476c2e3fb"},
    {file = "pygame-2.1.2-cp37-cp37m-win_amd64.whl", hash = "sha256:93c4cbfc942dd00410eaa9e84252129f9f9993f37f683006d7b49ab245342254"},
    {file = "pygame-2.1.2-cp38-cp38-macosx_10_9_x86_64.whl", hash = "sha256:2405414d8c572668e04739875661e030a0c588e197fa95463fe301c3d0a0510b"},
    {file = "pygame-2.1.2-cp38-cp38-macosx_11_0_arm64.whl", hash = "sha256:e8632f6b2ddb90f6f3950744bd65d5ef15af615e3034057fa30ff836f48a7179"},
    {file = "pygame-2.1.2-cp38-cp38-manylinux_2_12_i686.manylinux2010_i686.whl", hash = "sha256:ca5ef1315fa67c241a657ab077be44f230c05740c95f0b46409457dceefdc7e5"},
    {file = "pygame-2.1.2-cp38-cp38-manylinux_2_12_x86_64.manylinux2010_x86_64.whl", hash = "sha256:1219a963941bd53aa754e8449364c142004fe706c33a9c22ff2a76521a82d078"},
    {file = "pygame-2.1.2-cp38-cp38-manylinux_2_17_aarch64.manylinux2014_aarch64.whl", hash = "sha256:3bb0674aa789848ddc264bfc60c54965bf3bb659c141de4f600e379acc9b944c"},
    {file = "pygame-2.1.2-cp38-cp38-manylinux_2_17_i686.manylinux2014_i686.whl", hash = "sha256:24254c4244f0d9bdc904f5d3f38e86757ca4c6aa0e44a6d55ef5e016bc7274d6"},
    {file = "pygame-2.1.2-cp38-cp38-manylinux_2_17_x86_64.manylinux2014_x86_64.whl", hash = "sha256:97a74ba186deee68318a52637012ef6abf5be6282c659e1d1ba6ad08cf35ec85"},
    {file = "pygame-2.1.2-cp38-cp38-manylinux_2_5_i686.manylinux1_i686.whl", hash = "sha256:0e97d38308c441942577fea7fcd1326308bc56d6be6c024218e94d075d322e0f"},
    {file = "pygame-2.1.2-cp38-cp38-manylinux_2_5_x86_64.manylinux1_x86_64.whl", hash = "sha256:ea36f4f93524554a35cac2359df63b50af6556ed866830aa1f07f0d8580280ea"},
    {file = "pygame-2.1.2-cp38-cp38-win32.whl", hash = "sha256:4aa3ae32320cc704d63e185864e44f6265c2a6e52c9384afe152cc3d51b3a2ef"},
    {file = "pygame-2.1.2-cp38-cp38-win_amd64.whl", hash = "sha256:9d7b021b8dde5d528363e474bc18bd6f79a9666eef89fb4859bcb8f0a536c9de"},
    {file = "pygame-2.1.2-cp39-cp39-macosx_10_9_x86_64.whl", hash = "sha256:660c80c0b2e80f1f801715583b759fb4c7bc0c11eb3b534e89c9fc4bfbc38acd"},
    {file = "pygame-2.1.2-cp39-cp39-macosx_11_0_arm64.whl", hash = "sha256:dad6bf3fdd3752d7519422f3732be779b98fe7c87d32c3efe2fdffdcbeebb6ca"},
    {file = "pygame-2.1.2-cp39-cp39-manylinux_2_12_i686.manylinux2010_i686.whl", hash = "sha256:119dee20c372c85dc47b717119534d15a60c64ceab8b0eb09278866d10486afe"},
    {file = "pygame-2.1.2-cp39-cp39-manylinux_2_12_x86_64.manylinux2010_x86_64.whl", hash = "sha256:fc2e5db54491e8f27785fc5204c96f540d3557dcf5b0a9a857b6594d6b32561b"},
    {file = "pygame-2.1.2-cp39-cp39-manylinux_2_17_aarch64.manylinux2014_aarch64.whl", hash = "sha256:d2d3c50ee9847b743db6cd7b1bb17a94c2c2abc16679d70f5e745cabdf19e655"},
    {file = "pygame-2.1.2-cp39-cp39-manylinux_2_17_i686.manylinux2014_i686.whl", hash = "sha256:6ecda8dd4583982bb65f9c682f244a5e94524dcf628379766227e9ed97201a49"},
    {file = "pygame-2.1.2-cp39-cp39-manylinux_2_17_x86_64.manylinux2014_x86_64.whl", hash = "sha256:0e06ae8e1c830f1b9c36a2bc6bb11de840232e95b78e2c349c6ed803a303be19"},
    {file = "pygame-2.1.2-cp39-cp39-manylinux_2_5_i686.manylinux1_i686.whl", hash = "sha256:c5ea87da5fe4b6164c3854f3b0c9146811dbad0dd7fa74297683dfacc485ae1c"},
    {file = "pygame-2.1.2-cp39-cp39-manylinux_2_5_x86_64.manylinux1_x86_64.whl", hash = "sha256:0427c103f741234336e5606d2fad86f5403c1a3d1dc55c309fbff3c984f0c9ae"},
    {file = "pygame-2.1.2-cp39-cp39-win32.whl", hash = "sha256:5e88b0d4338b94960686f59396f23f7f684fed4859fcc3b9f40286d72c1c61af"},
    {file = "pygame-2.1.2-cp39-cp39-win_amd64.whl", hash = "sha256:5d0c14152d0ca8ef5fbcc5ed9981462bdf59a9ae85a291e62d8a8d0b7e5cbe43"},
    {file = "pygame-2.1.2-pp36-pypy36_pp73-win32.whl", hash = "sha256:636f51f56615d67459b11918206bb4da30cd7d7042027bf997c218ccd6c77902"},
    {file = "pygame-2.1.2-pp37-pypy37_pp73-macosx_10_9_x86_64.whl", hash = "sha256:ff961c3280d6ee5f4163f4772f963d7a4dbe42e36c6dd54b79ad436c1f046e5d"},
    {file = "pygame-2.1.2-pp37-pypy37_pp73-manylinux_2_12_i686.manylinux2010_i686.whl", hash = "sha256:fc30e834f65b893d1b4c230070183bf98e6b70c41c1511687e8436a33d5ce49d"},
    {file = "pygame-2.1.2-pp37-pypy37_pp73-manylinux_2_12_x86_64.manylinux2010_x86_64.whl", hash = "sha256:5c7600bf307de1ca1dca0cc7840e34604d5b0b0a5a5dad345c3fa62b054b886d"},
    {file = "pygame-2.1.2-pp37-pypy37_pp73-manylinux_2_17_i686.manylinux2014_i686.whl", hash = "sha256:7fdb93b4282962c9a2ebf1af994ee698be823dd913218ed97a5f2fb372b10b66"},
    {file = "pygame-2.1.2-pp37-pypy37_pp73-manylinux_2_17_x86_64.manylinux2014_x86_64.whl", hash = "sha256:1fddec8829e96424800c806582d73a5173b7d48946cccf7d035839ca09850db8"},
    {file = "pygame-2.1.2.tar.gz", hash = "sha256:d6d0eca28f886f0477cd0721ac688189155a587f2bb8eae740e52ca56c3ad23c"},
]
shapely = [
    {file = "Shapely-1.8.5.post1-cp310-cp310-macosx_10_9_universal2.whl", hash = "sha256:d048f93e42ba578b82758c15d8ae037d08e69d91d9872bca5a1895b118f4e2b0"},
    {file = "Shapely-1.8.5.post1-cp310-cp310-macosx_10_9_x86_64.whl", hash = "sha256:99ab0ddc05e44acabdbe657c599fdb9b2d82e86c5493bdae216c0c4018a82dee"},
    {file = "Shapely-1.8.5.post1-cp310-cp310-macosx_11_0_arm64.whl", hash = "sha256:99a2f0da0109e81e0c101a2b4cd8412f73f5f299e7b5b2deaf64cd2a100ac118"},
    {file = "Shapely-1.8.5.post1-cp310-cp310-manylinux_2_12_i686.manylinux2010_i686.whl", hash = "sha256:6fe855e7d45685926b6ba00aaeb5eba5862611f7465775dacd527e081a8ced6d"},
    {file = "Shapely-1.8.5.post1-cp310-cp310-manylinux_2_12_x86_64.manylinux2010_x86_64.whl", hash = "sha256:ec14ceca36f67cb48b34d02d7f65a9acae15cd72b48e303531893ba4a960f3ea"},
    {file = "Shapely-1.8.5.post1-cp310-cp310-win32.whl", hash = "sha256:21776184516a16bf82a0c3d6d6a312b3cd15a4cabafc61ee01cf2714a82e8396"},
    {file = "Shapely-1.8.5.post1-cp310-cp310-win_amd64.whl", hash = "sha256:a354199219c8d836f280b88f2c5102c81bb044ccea45bd361dc38a79f3873714"},
    {file = "Shapely-1.8.5.post1-cp311-cp311-macosx_10_9_universal2.whl", hash = "sha256:783bad5f48e2708a0e2f695a34ed382e4162c795cb2f0368b39528ac1d6db7ed"},
    {file = "Shapely-1.8.5.post1-cp311-cp311-macosx_10_9_x86_64.whl", hash = "sha256:a23ef3882d6aa203dd3623a3d55d698f59bfbd9f8a3bfed52c2da05a7f0f8640"},
    {file = "Shapely-1.8.5.post1-cp311-cp311-macosx_11_0_arm64.whl", hash = "sha256:ab38f7b5196ace05725e407cb8cab9ff66edb8e6f7bb36a398e8f73f52a7aaa2"},
    {file = "Shapely-1.8.5.post1-cp311-cp311-manylinux_2_17_i686.manylinux2014_i686.whl", hash = "sha256:8d086591f744be483b34628b391d741e46f2645fe37594319e0a673cc2c26bcf"},
    {file = "Shapely-1.8.5.post1-cp311-cp311-manylinux_2_17_x86_64.manylinux2014_x86_64.whl", hash = "sha256:4728666fff8cccc65a07448cae72c75a8773fea061c3f4f139c44adc429b18c3"},
    {file = "Shapely-1.8.5.post1-cp311-cp311-win32.whl", hash = "sha256:84010db15eb364a52b74ea8804ef92a6a930dfc1981d17a369444b6ddec66efd"},
    {file = "Shapely-1.8.5.post1-cp311-cp311-win_amd64.whl", hash = "sha256:48dcfffb9e225c0481120f4bdf622131c8c95f342b00b158cdbe220edbbe20b6"},
    {file = "Shapely-1.8.5.post1-cp36-cp36m-macosx_10_9_x86_64.whl", hash = "sha256:2fd15397638df291c427a53d641d3e6fd60458128029c8c4f487190473a69a91"},
    {file = "Shapely-1.8.5.post1-cp36-cp36m-manylinux_2_12_i686.manylinux2010_i686.whl", hash = "sha256:a74631e511153366c6dbe3229fa93f877e3c87ea8369cd00f1d38c76b0ed9ace"},
    {file = "Shapely-1.8.5.post1-cp36-cp36m-manylinux_2_12_x86_64.manylinux2010_x86_64.whl", hash = "sha256:66bdac74fbd1d3458fa787191a90fa0ae610f09e2a5ec398c36f968cc0ed743f"},
    {file = "Shapely-1.8.5.post1-cp36-cp36m-win32.whl", hash = "sha256:6d388c0c1bd878ed1af4583695690aa52234b02ed35f93a1c8486ff52a555838"},
    {file = "Shapely-1.8.5.post1-cp36-cp36m-win_amd64.whl", hash = "sha256:be9423d5a3577ac2e92c7e758bd8a2b205f5e51a012177a590bc46fc51eb4834"},
    {file = "Shapely-1.8.5.post1-cp37-cp37m-macosx_10_9_x86_64.whl", hash = "sha256:5d7f85c2d35d39ff53c9216bc76b7641c52326f7e09aaad1789a3611a0f812f2"},
    {file = "Shapely-1.8.5.post1-cp37-cp37m-manylinux_2_12_i686.manylinux2010_i686.whl", hash = "sha256:adcf8a11b98af9375e32bff91de184f33a68dc48b9cb9becad4f132fa25cfa3c"},
    {file = "Shapely-1.8.5.post1-cp37-cp37m-manylinux_2_12_x86_64.manylinux2010_x86_64.whl", hash = "sha256:753ed0e21ab108bd4282405b9b659f2e985e8502b1a72b978eaa51d3496dee19"},
    {file = "Shapely-1.8.5.post1-cp37-cp37m-win32.whl", hash = "sha256:65b21243d8f6bcd421210daf1fabb9de84de2c04353c5b026173b88d17c1a581"},
    {file = "Shapely-1.8.5.post1-cp37-cp37m-win_amd64.whl", hash = "sha256:370b574c78dc5af3a198a6da5d9b3d7c04654bd2ef7e80e80a3a0992dfb2d9cd"},
    {file = "Shapely-1.8.5.post1-cp38-cp38-macosx_10_9_universal2.whl", hash = "sha256:532a55ee2a6c52d23d6f7d1567c8f0473635f3b270262c44e1b0c88096827e22"},
    {file = "Shapely-1.8.5.post1-cp38-cp38-macosx_10_9_x86_64.whl", hash = "sha256:3480657460e939f45a7d359ef0e172a081f249312557fe9aa78c4fd3a362d993"},
    {file = "Shapely-1.8.5.post1-cp38-cp38-macosx_11_0_arm64.whl", hash = "sha256:b65f5d530ba91e49ffc7c589255e878d2506a8b96ffce69d3b7c4500a9a9eaf8"},
    {file = "Shapely-1.8.5.post1-cp38-cp38-manylinux_2_12_i686.manylinux2010_i686.whl", hash = "sha256:147066da0be41b147a61f8eb805dea3b13709dbc873a431ccd7306e24d712bc0"},
    {file = "Shapely-1.8.5.post1-cp38-cp38-manylinux_2_12_x86_64.manylinux2010_x86_64.whl", hash = "sha256:c2822111ddc5bcfb116e6c663e403579d0fe3f147d2a97426011a191c43a7458"},
    {file = "Shapely-1.8.5.post1-cp38-cp38-win32.whl", hash = "sha256:2e0a8c2e55f1be1312b51c92b06462ea89e6bb703fab4b114e7a846d941cfc40"},
    {file = "Shapely-1.8.5.post1-cp38-cp38-win_amd64.whl", hash = "sha256:0d885cb0cf670c1c834df3f371de8726efdf711f18e2a75da5cfa82843a7ab65"},
    {file = "Shapely-1.8.5.post1-cp39-cp39-macosx_10_9_universal2.whl", hash = "sha256:0b4ee3132ee90f07d63db3aea316c4c065ed7a26231458dda0874414a09d6ba3"},
    {file = "Shapely-1.8.5.post1-cp39-cp39-macosx_10_9_x86_64.whl", hash = "sha256:02dd5d7dc6e46515d88874134dc8fcdc65826bca93c3eecee59d1910c42c1b17"},
    {file = "Shapely-1.8.5.post1-cp39-cp39-macosx_11_0_arm64.whl", hash = "sha256:c6a9a4a31cd6e86d0fbe8473ceed83d4fe760b19d949fb557ef668defafea0f6"},
    {file = "Shapely-1.8.5.post1-cp39-cp39-manylinux_2_12_i686.manylinux2010_i686.whl", hash = "sha256:38f0fbbcb8ca20c16451c966c1f527cc43968e121c8a048af19ed3e339a921cd"},
    {file = "Shapely-1.8.5.post1-cp39-cp39-manylinux_2_12_x86_64.manylinux2010_x86_64.whl", hash = "sha256:78fb9d929b8ee15cfd424b6c10879ce1907f24e05fb83310fc47d2cd27088e40"},
    {file = "Shapely-1.8.5.post1-cp39-cp39-win32.whl", hash = "sha256:8e59817b0fe63d34baedaabba8c393c0090f061917d18fc0bcc2f621937a8f73"},
    {file = "Shapely-1.8.5.post1-cp39-cp39-win_amd64.whl", hash = "sha256:e9c30b311de2513555ab02464ebb76115d242842b29c412f5a9aa0cac57be9f6"},
    {file = "Shapely-1.8.5.post1.tar.gz", hash = "sha256:ef3be705c3eac282a28058e6c6e5503419b250f482320df2172abcbea642c831"},
]
